// !$*UTF8*$!
{
	archiveVersion = 1;
	classes = {
	};
	objectVersion = 56;
	objects = {

/* Begin PBXBuildFile section */
		F4F64A6529FEBB0B004D5589 /* GameBoyApp.swift in Sources */ = {isa = PBXBuildFile; fileRef = F4F64A6429FEBB0B004D5589 /* GameBoyApp.swift */; };
		F4F64A6729FEBB0B004D5589 /* ContentView.swift in Sources */ = {isa = PBXBuildFile; fileRef = F4F64A6629FEBB0B004D5589 /* ContentView.swift */; };
		F4F64A6929FEBB0B004D5589 /* Assets.xcassets in Resources */ = {isa = PBXBuildFile; fileRef = F4F64A6829FEBB0B004D5589 /* Assets.xcassets */; };
		F4F64A6C29FEBB0B004D5589 /* Preview Assets.xcassets in Resources */ = {isa = PBXBuildFile; fileRef = F4F64A6B29FEBB0B004D5589 /* Preview Assets.xcassets */; };
		F4F64A7629FEBB0B004D5589 /* GameBoyTests.swift in Sources */ = {isa = PBXBuildFile; fileRef = F4F64A7529FEBB0B004D5589 /* GameBoyTests.swift */; };
		F4F64A8029FEBB0B004D5589 /* GameBoyUITests.swift in Sources */ = {isa = PBXBuildFile; fileRef = F4F64A7F29FEBB0B004D5589 /* GameBoyUITests.swift */; };
		F4F64A8229FEBB0B004D5589 /* GameBoyUITestsLaunchTests.swift in Sources */ = {isa = PBXBuildFile; fileRef = F4F64A8129FEBB0B004D5589 /* GameBoyUITestsLaunchTests.swift */; };
		F4F64A9129FEBF17004D5589 /* Retro Gaming.ttf in Resources */ = {isa = PBXBuildFile; fileRef = F4F64A9029FEBF17004D5589 /* Retro Gaming.ttf */; };
/* End PBXBuildFile section */

/* Begin PBXContainerItemProxy section */
		F4F64A7229FEBB0B004D5589 /* PBXContainerItemProxy */ = {
			isa = PBXContainerItemProxy;
			containerPortal = F4F64A5929FEBB0B004D5589 /* Project object */;
			proxyType = 1;
			remoteGlobalIDString = F4F64A6029FEBB0B004D5589;
			remoteInfo = GameBoy;
		};
		F4F64A7C29FEBB0B004D5589 /* PBXContainerItemProxy */ = {
			isa = PBXContainerItemProxy;
			containerPortal = F4F64A5929FEBB0B004D5589 /* Project object */;
			proxyType = 1;
			remoteGlobalIDString = F4F64A6029FEBB0B004D5589;
			remoteInfo = GameBoy;
		};
/* End PBXContainerItemProxy section */

/* Begin PBXFileReference section */
		F4F64A6129FEBB0B004D5589 /* GameBoy.app */ = {isa = PBXFileReference; explicitFileType = wrapper.application; includeInIndex = 0; path = GameBoy.app; sourceTree = BUILT_PRODUCTS_DIR; };
		F4F64A6429FEBB0B004D5589 /* GameBoyApp.swift */ = {isa = PBXFileReference; lastKnownFileType = sourcecode.swift; path = GameBoyApp.swift; sourceTree = "<group>"; };
		F4F64A6629FEBB0B004D5589 /* ContentView.swift */ = {isa = PBXFileReference; lastKnownFileType = sourcecode.swift; path = ContentView.swift; sourceTree = "<group>"; };
		F4F64A6829FEBB0B004D5589 /* Assets.xcassets */ = {isa = PBXFileReference; lastKnownFileType = folder.assetcatalog; path = Assets.xcassets; sourceTree = "<group>"; };
		F4F64A6B29FEBB0B004D5589 /* Preview Assets.xcassets */ = {isa = PBXFileReference; lastKnownFileType = folder.assetcatalog; path = "Preview Assets.xcassets"; sourceTree = "<group>"; };
		F4F64A7129FEBB0B004D5589 /* GameBoyTests.xctest */ = {isa = PBXFileReference; explicitFileType = wrapper.cfbundle; includeInIndex = 0; path = GameBoyTests.xctest; sourceTree = BUILT_PRODUCTS_DIR; };
		F4F64A7529FEBB0B004D5589 /* GameBoyTests.swift */ = {isa = PBXFileReference; lastKnownFileType = sourcecode.swift; path = GameBoyTests.swift; sourceTree = "<group>"; };
		F4F64A7B29FEBB0B004D5589 /* GameBoyUITests.xctest */ = {isa = PBXFileReference; explicitFileType = wrapper.cfbundle; includeInIndex = 0; path = GameBoyUITests.xctest; sourceTree = BUILT_PRODUCTS_DIR; };
		F4F64A7F29FEBB0B004D5589 /* GameBoyUITests.swift */ = {isa = PBXFileReference; lastKnownFileType = sourcecode.swift; path = GameBoyUITests.swift; sourceTree = "<group>"; };
		F4F64A8129FEBB0B004D5589 /* GameBoyUITestsLaunchTests.swift */ = {isa = PBXFileReference; lastKnownFileType = sourcecode.swift; path = GameBoyUITestsLaunchTests.swift; sourceTree = "<group>"; };
		F4F64A8F29FEBD88004D5589 /* Info.plist */ = {isa = PBXFileReference; lastKnownFileType = text.plist; path = Info.plist; sourceTree = "<group>"; };
		F4F64A9029FEBF17004D5589 /* Retro Gaming.ttf */ = {isa = PBXFileReference; lastKnownFileType = file; path = "Retro Gaming.ttf"; sourceTree = "<group>"; };
/* End PBXFileReference section */

/* Begin PBXFrameworksBuildPhase section */
		F4F64A5E29FEBB0B004D5589 /* Frameworks */ = {
			isa = PBXFrameworksBuildPhase;
			buildActionMask = 2147483647;
			files = (
			);
			runOnlyForDeploymentPostprocessing = 0;
		};
		F4F64A6E29FEBB0B004D5589 /* Frameworks */ = {
			isa = PBXFrameworksBuildPhase;
			buildActionMask = 2147483647;
			files = (
			);
			runOnlyForDeploymentPostprocessing = 0;
		};
		F4F64A7829FEBB0B004D5589 /* Frameworks */ = {
			isa = PBXFrameworksBuildPhase;
			buildActionMask = 2147483647;
			files = (
			);
			runOnlyForDeploymentPostprocessing = 0;
		};
/* End PBXFrameworksBuildPhase section */

/* Begin PBXGroup section */
		F4F64A5829FEBB0B004D5589 = {
			isa = PBXGroup;
			children = (
				F4F64A6329FEBB0B004D5589 /* GameBoy */,
				F4F64A7429FEBB0B004D5589 /* GameBoyTests */,
				F4F64A7E29FEBB0B004D5589 /* GameBoyUITests */,
				F4F64A6229FEBB0B004D5589 /* Products */,
			);
			sourceTree = "<group>";
		};
		F4F64A6229FEBB0B004D5589 /* Products */ = {
			isa = PBXGroup;
			children = (
				F4F64A6129FEBB0B004D5589 /* GameBoy.app */,
				F4F64A7129FEBB0B004D5589 /* GameBoyTests.xctest */,
				F4F64A7B29FEBB0B004D5589 /* GameBoyUITests.xctest */,
			);
			name = Products;
			sourceTree = "<group>";
		};
		F4F64A6329FEBB0B004D5589 /* GameBoy */ = {
			isa = PBXGroup;
			children = (
				F4F64A8F29FEBD88004D5589 /* Info.plist */,
				F4F64A6429FEBB0B004D5589 /* GameBoyApp.swift */,
				F4F64A6629FEBB0B004D5589 /* ContentView.swift */,
				F4F64A6829FEBB0B004D5589 /* Assets.xcassets */,
				F4F64A9029FEBF17004D5589 /* Retro Gaming.ttf */,
				F4F64A6A29FEBB0B004D5589 /* Preview Content */,
			);
			path = GameBoy;
			sourceTree = "<group>";
		};
		F4F64A6A29FEBB0B004D5589 /* Preview Content */ = {
			isa = PBXGroup;
			children = (
				F4F64A6B29FEBB0B004D5589 /* Preview Assets.xcassets */,
			);
			path = "Preview Content";
			sourceTree = "<group>";
		};
		F4F64A7429FEBB0B004D5589 /* GameBoyTests */ = {
			isa = PBXGroup;
			children = (
				F4F64A7529FEBB0B004D5589 /* GameBoyTests.swift */,
			);
			path = GameBoyTests;
			sourceTree = "<group>";
		};
		F4F64A7E29FEBB0B004D5589 /* GameBoyUITests */ = {
			isa = PBXGroup;
			children = (
				F4F64A7F29FEBB0B004D5589 /* GameBoyUITests.swift */,
				F4F64A8129FEBB0B004D5589 /* GameBoyUITestsLaunchTests.swift */,
			);
			path = GameBoyUITests;
			sourceTree = "<group>";
		};
/* End PBXGroup section */

/* Begin PBXNativeTarget section */
		F4F64A6029FEBB0B004D5589 /* GameBoy */ = {
			isa = PBXNativeTarget;
			buildConfigurationList = F4F64A8529FEBB0B004D5589 /* Build configuration list for PBXNativeTarget "GameBoy" */;
			buildPhases = (
				F4F64A5D29FEBB0B004D5589 /* Sources */,
				F4F64A5E29FEBB0B004D5589 /* Frameworks */,
				F4F64A5F29FEBB0B004D5589 /* Resources */,
			);
			buildRules = (
			);
			dependencies = (
			);
			name = GameBoy;
			productName = GameBoy;
			productReference = F4F64A6129FEBB0B004D5589 /* GameBoy.app */;
			productType = "com.apple.product-type.application";
		};
		F4F64A7029FEBB0B004D5589 /* GameBoyTests */ = {
			isa = PBXNativeTarget;
			buildConfigurationList = F4F64A8829FEBB0B004D5589 /* Build configuration list for PBXNativeTarget "GameBoyTests" */;
			buildPhases = (
				F4F64A6D29FEBB0B004D5589 /* Sources */,
				F4F64A6E29FEBB0B004D5589 /* Frameworks */,
				F4F64A6F29FEBB0B004D5589 /* Resources */,
			);
			buildRules = (
			);
			dependencies = (
				F4F64A7329FEBB0B004D5589 /* PBXTargetDependency */,
			);
			name = GameBoyTests;
			productName = GameBoyTests;
			productReference = F4F64A7129FEBB0B004D5589 /* GameBoyTests.xctest */;
			productType = "com.apple.product-type.bundle.unit-test";
		};
		F4F64A7A29FEBB0B004D5589 /* GameBoyUITests */ = {
			isa = PBXNativeTarget;
			buildConfigurationList = F4F64A8B29FEBB0B004D5589 /* Build configuration list for PBXNativeTarget "GameBoyUITests" */;
			buildPhases = (
				F4F64A7729FEBB0B004D5589 /* Sources */,
				F4F64A7829FEBB0B004D5589 /* Frameworks */,
				F4F64A7929FEBB0B004D5589 /* Resources */,
			);
			buildRules = (
			);
			dependencies = (
				F4F64A7D29FEBB0B004D5589 /* PBXTargetDependency */,
			);
			name = GameBoyUITests;
			productName = GameBoyUITests;
			productReference = F4F64A7B29FEBB0B004D5589 /* GameBoyUITests.xctest */;
			productType = "com.apple.product-type.bundle.ui-testing";
		};
/* End PBXNativeTarget section */

/* Begin PBXProject section */
		F4F64A5929FEBB0B004D5589 /* Project object */ = {
			isa = PBXProject;
			attributes = {
				BuildIndependentTargetsInParallel = 1;
				LastSwiftUpdateCheck = 1430;
				LastUpgradeCheck = 1430;
				TargetAttributes = {
					F4F64A6029FEBB0B004D5589 = {
						CreatedOnToolsVersion = 14.3;
					};
					F4F64A7029FEBB0B004D5589 = {
						CreatedOnToolsVersion = 14.3;
						TestTargetID = F4F64A6029FEBB0B004D5589;
					};
					F4F64A7A29FEBB0B004D5589 = {
						CreatedOnToolsVersion = 14.3;
						TestTargetID = F4F64A6029FEBB0B004D5589;
					};
				};
			};
			buildConfigurationList = F4F64A5C29FEBB0B004D5589 /* Build configuration list for PBXProject "GameBoy" */;
			compatibilityVersion = "Xcode 14.0";
			developmentRegion = en;
			hasScannedForEncodings = 0;
			knownRegions = (
				en,
				Base,
			);
			mainGroup = F4F64A5829FEBB0B004D5589;
			productRefGroup = F4F64A6229FEBB0B004D5589 /* Products */;
			projectDirPath = "";
			projectRoot = "";
			targets = (
				F4F64A6029FEBB0B004D5589 /* GameBoy */,
				F4F64A7029FEBB0B004D5589 /* GameBoyTests */,
				F4F64A7A29FEBB0B004D5589 /* GameBoyUITests */,
			);
		};
/* End PBXProject section */

/* Begin PBXResourcesBuildPhase section */
		F4F64A5F29FEBB0B004D5589 /* Resources */ = {
			isa = PBXResourcesBuildPhase;
			buildActionMask = 2147483647;
			files = (
				F4F64A9129FEBF17004D5589 /* Retro Gaming.ttf in Resources */,
				F4F64A6C29FEBB0B004D5589 /* Preview Assets.xcassets in Resources */,
				F4F64A6929FEBB0B004D5589 /* Assets.xcassets in Resources */,
			);
			runOnlyForDeploymentPostprocessing = 0;
		};
		F4F64A6F29FEBB0B004D5589 /* Resources */ = {
			isa = PBXResourcesBuildPhase;
			buildActionMask = 2147483647;
			files = (
			);
			runOnlyForDeploymentPostprocessing = 0;
		};
		F4F64A7929FEBB0B004D5589 /* Resources */ = {
			isa = PBXResourcesBuildPhase;
			buildActionMask = 2147483647;
			files = (
			);
			runOnlyForDeploymentPostprocessing = 0;
		};
/* End PBXResourcesBuildPhase section */

/* Begin PBXSourcesBuildPhase section */
		F4F64A5D29FEBB0B004D5589 /* Sources */ = {
			isa = PBXSourcesBuildPhase;
			buildActionMask = 2147483647;
			files = (
				F4F64A6729FEBB0B004D5589 /* ContentView.swift in Sources */,
				F4F64A6529FEBB0B004D5589 /* GameBoyApp.swift in Sources */,
			);
			runOnlyForDeploymentPostprocessing = 0;
		};
		F4F64A6D29FEBB0B004D5589 /* Sources */ = {
			isa = PBXSourcesBuildPhase;
			buildActionMask = 2147483647;
			files = (
				F4F64A7629FEBB0B004D5589 /* GameBoyTests.swift in Sources */,
			);
			runOnlyForDeploymentPostprocessing = 0;
		};
		F4F64A7729FEBB0B004D5589 /* Sources */ = {
			isa = PBXSourcesBuildPhase;
			buildActionMask = 2147483647;
			files = (
				F4F64A8029FEBB0B004D5589 /* GameBoyUITests.swift in Sources */,
				F4F64A8229FEBB0B004D5589 /* GameBoyUITestsLaunchTests.swift in Sources */,
			);
			runOnlyForDeploymentPostprocessing = 0;
		};
/* End PBXSourcesBuildPhase section */

/* Begin PBXTargetDependency section */
		F4F64A7329FEBB0B004D5589 /* PBXTargetDependency */ = {
			isa = PBXTargetDependency;
			target = F4F64A6029FEBB0B004D5589 /* GameBoy */;
			targetProxy = F4F64A7229FEBB0B004D5589 /* PBXContainerItemProxy */;
		};
		F4F64A7D29FEBB0B004D5589 /* PBXTargetDependency */ = {
			isa = PBXTargetDependency;
			target = F4F64A6029FEBB0B004D5589 /* GameBoy */;
			targetProxy = F4F64A7C29FEBB0B004D5589 /* PBXContainerItemProxy */;
		};
/* End PBXTargetDependency section */

/* Begin XCBuildConfiguration section */
		F4F64A8329FEBB0B004D5589 /* Debug */ = {
			isa = XCBuildConfiguration;
			buildSettings = {
				ALWAYS_SEARCH_USER_PATHS = NO;
				CLANG_ANALYZER_NONNULL = YES;
				CLANG_ANALYZER_NUMBER_OBJECT_CONVERSION = YES_AGGRESSIVE;
				CLANG_CXX_LANGUAGE_STANDARD = "gnu++20";
				CLANG_ENABLE_MODULES = YES;
				CLANG_ENABLE_OBJC_ARC = YES;
				CLANG_ENABLE_OBJC_WEAK = YES;
				CLANG_WARN_BLOCK_CAPTURE_AUTORELEASING = YES;
				CLANG_WARN_BOOL_CONVERSION = YES;
				CLANG_WARN_COMMA = YES;
				CLANG_WARN_CONSTANT_CONVERSION = YES;
				CLANG_WARN_DEPRECATED_OBJC_IMPLEMENTATIONS = YES;
				CLANG_WARN_DIRECT_OBJC_ISA_USAGE = YES_ERROR;
				CLANG_WARN_DOCUMENTATION_COMMENTS = YES;
				CLANG_WARN_EMPTY_BODY = YES;
				CLANG_WARN_ENUM_CONVERSION = YES;
				CLANG_WARN_INFINITE_RECURSION = YES;
				CLANG_WARN_INT_CONVERSION = YES;
				CLANG_WARN_NON_LITERAL_NULL_CONVERSION = YES;
				CLANG_WARN_OBJC_IMPLICIT_RETAIN_SELF = YES;
				CLANG_WARN_OBJC_LITERAL_CONVERSION = YES;
				CLANG_WARN_OBJC_ROOT_CLASS = YES_ERROR;
				CLANG_WARN_QUOTED_INCLUDE_IN_FRAMEWORK_HEADER = YES;
				CLANG_WARN_RANGE_LOOP_ANALYSIS = YES;
				CLANG_WARN_STRICT_PROTOTYPES = YES;
				CLANG_WARN_SUSPICIOUS_MOVE = YES;
				CLANG_WARN_UNGUARDED_AVAILABILITY = YES_AGGRESSIVE;
				CLANG_WARN_UNREACHABLE_CODE = YES;
				CLANG_WARN__DUPLICATE_METHOD_MATCH = YES;
				COPY_PHASE_STRIP = NO;
				DEBUG_INFORMATION_FORMAT = dwarf;
				ENABLE_STRICT_OBJC_MSGSEND = YES;
				ENABLE_TESTABILITY = YES;
				GCC_C_LANGUAGE_STANDARD = gnu11;
				GCC_DYNAMIC_NO_PIC = NO;
				GCC_NO_COMMON_BLOCKS = YES;
				GCC_OPTIMIZATION_LEVEL = 0;
				GCC_PREPROCESSOR_DEFINITIONS = (
					"DEBUG=1",
					"$(inherited)",
				);
				GCC_WARN_64_TO_32_BIT_CONVERSION = YES;
				GCC_WARN_ABOUT_RETURN_TYPE = YES_ERROR;
				GCC_WARN_UNDECLARED_SELECTOR = YES;
				GCC_WARN_UNINITIALIZED_AUTOS = YES_AGGRESSIVE;
				GCC_WARN_UNUSED_FUNCTION = YES;
				GCC_WARN_UNUSED_VARIABLE = YES;
				IPHONEOS_DEPLOYMENT_TARGET = 16.4;
				MTL_ENABLE_DEBUG_INFO = INCLUDE_SOURCE;
				MTL_FAST_MATH = YES;
				ONLY_ACTIVE_ARCH = YES;
				SDKROOT = iphoneos;
				SWIFT_ACTIVE_COMPILATION_CONDITIONS = DEBUG;
				SWIFT_OPTIMIZATION_LEVEL = "-Onone";
			};
			name = Debug;
		};
		F4F64A8429FEBB0B004D5589 /* Release */ = {
			isa = XCBuildConfiguration;
			buildSettings = {
				ALWAYS_SEARCH_USER_PATHS = NO;
				CLANG_ANALYZER_NONNULL = YES;
				CLANG_ANALYZER_NUMBER_OBJECT_CONVERSION = YES_AGGRESSIVE;
				CLANG_CXX_LANGUAGE_STANDARD = "gnu++20";
				CLANG_ENABLE_MODULES = YES;
				CLANG_ENABLE_OBJC_ARC = YES;
				CLANG_ENABLE_OBJC_WEAK = YES;
				CLANG_WARN_BLOCK_CAPTURE_AUTORELEASING = YES;
				CLANG_WARN_BOOL_CONVERSION = YES;
				CLANG_WARN_COMMA = YES;
				CLANG_WARN_CONSTANT_CONVERSION = YES;
				CLANG_WARN_DEPRECATED_OBJC_IMPLEMENTATIONS = YES;
				CLANG_WARN_DIRECT_OBJC_ISA_USAGE = YES_ERROR;
				CLANG_WARN_DOCUMENTATION_COMMENTS = YES;
				CLANG_WARN_EMPTY_BODY = YES;
				CLANG_WARN_ENUM_CONVERSION = YES;
				CLANG_WARN_INFINITE_RECURSION = YES;
				CLANG_WARN_INT_CONVERSION = YES;
				CLANG_WARN_NON_LITERAL_NULL_CONVERSION = YES;
				CLANG_WARN_OBJC_IMPLICIT_RETAIN_SELF = YES;
				CLANG_WARN_OBJC_LITERAL_CONVERSION = YES;
				CLANG_WARN_OBJC_ROOT_CLASS = YES_ERROR;
				CLANG_WARN_QUOTED_INCLUDE_IN_FRAMEWORK_HEADER = YES;
				CLANG_WARN_RANGE_LOOP_ANALYSIS = YES;
				CLANG_WARN_STRICT_PROTOTYPES = YES;
				CLANG_WARN_SUSPICIOUS_MOVE = YES;
				CLANG_WARN_UNGUARDED_AVAILABILITY = YES_AGGRESSIVE;
				CLANG_WARN_UNREACHABLE_CODE = YES;
				CLANG_WARN__DUPLICATE_METHOD_MATCH = YES;
				COPY_PHASE_STRIP = NO;
				DEBUG_INFORMATION_FORMAT = "dwarf-with-dsym";
				ENABLE_NS_ASSERTIONS = NO;
				ENABLE_STRICT_OBJC_MSGSEND = YES;
				GCC_C_LANGUAGE_STANDARD = gnu11;
				GCC_NO_COMMON_BLOCKS = YES;
				GCC_WARN_64_TO_32_BIT_CONVERSION = YES;
				GCC_WARN_ABOUT_RETURN_TYPE = YES_ERROR;
				GCC_WARN_UNDECLARED_SELECTOR = YES;
				GCC_WARN_UNINITIALIZED_AUTOS = YES_AGGRESSIVE;
				GCC_WARN_UNUSED_FUNCTION = YES;
				GCC_WARN_UNUSED_VARIABLE = YES;
				IPHONEOS_DEPLOYMENT_TARGET = 16.4;
				MTL_ENABLE_DEBUG_INFO = NO;
				MTL_FAST_MATH = YES;
				SDKROOT = iphoneos;
				SWIFT_COMPILATION_MODE = wholemodule;
				SWIFT_OPTIMIZATION_LEVEL = "-O";
				VALIDATE_PRODUCT = YES;
			};
			name = Release;
		};
		F4F64A8629FEBB0B004D5589 /* Debug */ = {
			isa = XCBuildConfiguration;
			buildSettings = {
				ASSETCATALOG_COMPILER_APPICON_NAME = AppIcon;
				ASSETCATALOG_COMPILER_GLOBAL_ACCENT_COLOR_NAME = AccentColor;
				CODE_SIGN_STYLE = Automatic;
				CURRENT_PROJECT_VERSION = 1;
				DEVELOPMENT_ASSET_PATHS = "\"GameBoy/Preview Content\"";
				DEVELOPMENT_TEAM = WR5H634DWJ;
				ENABLE_PREVIEWS = YES;
				GENERATE_INFOPLIST_FILE = YES;
				INFOPLIST_FILE = GameBoy/Info.plist;
				INFOPLIST_KEY_UIApplicationSceneManifest_Generation = YES;
				INFOPLIST_KEY_UIApplicationSupportsIndirectInputEvents = YES;
				INFOPLIST_KEY_UILaunchScreen_Generation = YES;
				INFOPLIST_KEY_UISupportedInterfaceOrientations_iPad = "UIInterfaceOrientationPortrait UIInterfaceOrientationPortraitUpsideDown UIInterfaceOrientationLandscapeLeft UIInterfaceOrientationLandscapeRight";
				INFOPLIST_KEY_UISupportedInterfaceOrientations_iPhone = "UIInterfaceOrientationPortrait UIInterfaceOrientationLandscapeLeft UIInterfaceOrientationLandscapeRight";
				LD_RUNPATH_SEARCH_PATHS = (
					"$(inherited)",
					"@executable_path/Frameworks",
				);
				MARKETING_VERSION = 1.0;
				PRODUCT_BUNDLE_IDENTIFIER = com.GameBoy;
				PRODUCT_NAME = "$(TARGET_NAME)";
				SWIFT_EMIT_LOC_STRINGS = YES;
				SWIFT_VERSION = 5.0;
				TARGETED_DEVICE_FAMILY = "1,2";
			};
			name = Debug;
		};
		F4F64A8729FEBB0B004D5589 /* Release */ = {
			isa = XCBuildConfiguration;
			buildSettings = {
				ASSETCATALOG_COMPILER_APPICON_NAME = AppIcon;
				ASSETCATALOG_COMPILER_GLOBAL_ACCENT_COLOR_NAME = AccentColor;
				CODE_SIGN_STYLE = Automatic;
				CURRENT_PROJECT_VERSION = 1;
				DEVELOPMENT_ASSET_PATHS = "\"GameBoy/Preview Content\"";
				DEVELOPMENT_TEAM = WR5H634DWJ;
				ENABLE_PREVIEWS = YES;
				GENERATE_INFOPLIST_FILE = YES;
				INFOPLIST_FILE = GameBoy/Info.plist;
				INFOPLIST_KEY_UIApplicationSceneManifest_Generation = YES;
				INFOPLIST_KEY_UIApplicationSupportsIndirectInputEvents = YES;
				INFOPLIST_KEY_UILaunchScreen_Generation = YES;
				INFOPLIST_KEY_UISupportedInterfaceOrientations_iPad = "UIInterfaceOrientationPortrait UIInterfaceOrientationPortraitUpsideDown UIInterfaceOrientationLandscapeLeft UIInterfaceOrientationLandscapeRight";
				INFOPLIST_KEY_UISupportedInterfaceOrientations_iPhone = "UIInterfaceOrientationPortrait UIInterfaceOrientationLandscapeLeft UIInterfaceOrientationLandscapeRight";
				LD_RUNPATH_SEARCH_PATHS = (
					"$(inherited)",
					"@executable_path/Frameworks",
				);
				MARKETING_VERSION = 1.0;
				PRODUCT_BUNDLE_IDENTIFIER = com.GameBoy;
				PRODUCT_NAME = "$(TARGET_NAME)";
				SWIFT_EMIT_LOC_STRINGS = YES;
				SWIFT_VERSION = 5.0;
				TARGETED_DEVICE_FAMILY = "1,2";
			};
			name = Release;
		};
		F4F64A8929FEBB0B004D5589 /* Debug */ = {
			isa = XCBuildConfiguration;
			buildSettings = {
				ALWAYS_EMBED_SWIFT_STANDARD_LIBRARIES = YES;
				BUNDLE_LOADER = "$(TEST_HOST)";
				CODE_SIGN_STYLE = Automatic;
				CURRENT_PROJECT_VERSION = 1;
				DEVELOPMENT_TEAM = WR5H634DWJ;
				GENERATE_INFOPLIST_FILE = YES;
				IPHONEOS_DEPLOYMENT_TARGET = 16.4;
				MARKETING_VERSION = 1.0;
				PRODUCT_BUNDLE_IDENTIFIER = com.GameBoyTests;
				PRODUCT_NAME = "$(TARGET_NAME)";
				SWIFT_EMIT_LOC_STRINGS = NO;
				SWIFT_VERSION = 5.0;
				TARGETED_DEVICE_FAMILY = "1,2";
				TEST_HOST = "$(BUILT_PRODUCTS_DIR)/GameBoy.app/$(BUNDLE_EXECUTABLE_FOLDER_PATH)/GameBoy";
			};
			name = Debug;
		};
		F4F64A8A29FEBB0B004D5589 /* Release */ = {
			isa = XCBuildConfiguration;
			buildSettings = {
				ALWAYS_EMBED_SWIFT_STANDARD_LIBRARIES = YES;
				BUNDLE_LOADER = "$(TEST_HOST)";
				CODE_SIGN_STYLE = Automatic;
				CURRENT_PROJECT_VERSION = 1;
				DEVELOPMENT_TEAM = WR5H634DWJ;
				GENERATE_INFOPLIST_FILE = YES;
				IPHONEOS_DEPLOYMENT_TARGET = 16.4;
				MARKETING_VERSION = 1.0;
				PRODUCT_BUNDLE_IDENTIFIER = com.GameBoyTests;
				PRODUCT_NAME = "$(TARGET_NAME)";
				SWIFT_EMIT_LOC_STRINGS = NO;
				SWIFT_VERSION = 5.0;
				TARGETED_DEVICE_FAMILY = "1,2";
				TEST_HOST = "$(BUILT_PRODUCTS_DIR)/GameBoy.app/$(BUNDLE_EXECUTABLE_FOLDER_PATH)/GameBoy";
			};
			name = Release;
		};
		F4F64A8C29FEBB0B004D5589 /* Debug */ = {
			isa = XCBuildConfiguration;
			buildSettings = {
				ALWAYS_EMBED_SWIFT_STANDARD_LIBRARIES = YES;
				CODE_SIGN_STYLE = Automatic;
				CURRENT_PROJECT_VERSION = 1;
				DEVELOPMENT_TEAM = WR5H634DWJ;
				GENERATE_INFOPLIST_FILE = YES;
				MARKETING_VERSION = 1.0;
				PRODUCT_BUNDLE_IDENTIFIER = com.GameBoyUITests;
				PRODUCT_NAME = "$(TARGET_NAME)";
				SWIFT_EMIT_LOC_STRINGS = NO;
				SWIFT_VERSION = 5.0;
				TARGETED_DEVICE_FAMILY = "1,2";
				TEST_TARGET_NAME = GameBoy;
			};
			name = Debug;
		};
		F4F64A8D29FEBB0B004D5589 /* Release */ = {
			isa = XCBuildConfiguration;
			buildSettings = {
				ALWAYS_EMBED_SWIFT_STANDARD_LIBRARIES = YES;
				CODE_SIGN_STYLE = Automatic;
				CURRENT_PROJECT_VERSION = 1;
				DEVELOPMENT_TEAM = WR5H634DWJ;
				GENERATE_INFOPLIST_FILE = YES;
				MARKETING_VERSION = 1.0;
				PRODUCT_BUNDLE_IDENTIFIER = com.GameBoyUITests;
				PRODUCT_NAME = "$(TARGET_NAME)";
				SWIFT_EMIT_LOC_STRINGS = NO;
				SWIFT_VERSION = 5.0;
				TARGETED_DEVICE_FAMILY = "1,2";
				TEST_TARGET_NAME = GameBoy;
			};
			name = Release;
		};
/* End XCBuildConfiguration section */

/* Begin XCConfigurationList section */
		F4F64A5C29FEBB0B004D5589 /* Build configuration list for PBXProject "GameBoy" */ = {
			isa = XCConfigurationList;
			buildConfigurations = (
				F4F64A8329FEBB0B004D5589 /* Debug */,
				F4F64A8429FEBB0B004D5589 /* Release */,
			);
			defaultConfigurationIsVisible = 0;
			defaultConfigurationName = Release;
		};
		F4F64A8529FEBB0B004D5589 /* Build configuration list for PBXNativeTarget "GameBoy" */ = {
			isa = XCConfigurationList;
			buildConfigurations = (
				F4F64A8629FEBB0B004D5589 /* Debug */,
				F4F64A8729FEBB0B004D5589 /* Release */,
			);
			defaultConfigurationIsVisible = 0;
			defaultConfigurationName = Release;
		};
		F4F64A8829FEBB0B004D5589 /* Build configuration list for PBXNativeTarget "GameBoyTests" */ = {
			isa = XCConfigurationList;
			buildConfigurations = (
				F4F64A8929FEBB0B004D5589 /* Debug */,
				F4F64A8A29FEBB0B004D5589 /* Release */,
			);
			defaultConfigurationIsVisible = 0;
			defaultConfigurationName = Release;
		};
		F4F64A8B29FEBB0B004D5589 /* Build configuration list for PBXNativeTarget "GameBoyUITests" */ = {
			isa = XCConfigurationList;
			buildConfigurations = (
				F4F64A8C29FEBB0B004D5589 /* Debug */,
				F4F64A8D29FEBB0B004D5589 /* Release */,
			);
			defaultConfigurationIsVisible = 0;
			defaultConfigurationName = Release;
		};
/* End XCConfigurationList section */
	};
	rootObject = F4F64A5929FEBB0B004D5589 /* Project object */;
}
